// !$*UTF8*$!
{
	archiveVersion = 1;
	classes = {
	};
	objectVersion = 46;
	objects = {

/* Begin PBXBuildFile section */
		63B2303B1622AE4D00551494 /* EGORefreshTableHeaderView.m in Sources */ = {isa = PBXBuildFile; fileRef = 63B2302B1622AE4D00551494 /* EGORefreshTableHeaderView.m */; };
		63B2303C1622AE4D00551494 /* LoadMoreTableFooterView.m in Sources */ = {isa = PBXBuildFile; fileRef = 63B2302D1622AE4D00551494 /* LoadMoreTableFooterView.m */; };
		63B2303D1622AE4D00551494 /* MessageInterceptor.m in Sources */ = {isa = PBXBuildFile; fileRef = 63B2302F1622AE4D00551494 /* MessageInterceptor.m */; };
		63B2303E1622AE4D00551494 /* PullTableView.m in Sources */ = {isa = PBXBuildFile; fileRef = 63B230311622AE4D00551494 /* PullTableView.m */; };
		63B2303F1622AE4D00551494 /* blackArrow.png in Resources */ = {isa = PBXBuildFile; fileRef = 63B230331622AE4D00551494 /* blackArrow.png */; };
		63B230401622AE4D00551494 /* blackArrow@2x.png in Resources */ = {isa = PBXBuildFile; fileRef = 63B230341622AE4D00551494 /* blackArrow@2x.png */; };
		63B230411622AE4D00551494 /* blueArrow.png in Resources */ = {isa = PBXBuildFile; fileRef = 63B230351622AE4D00551494 /* blueArrow.png */; };
		63B230421622AE4D00551494 /* blueArrow@2x.png in Resources */ = {isa = PBXBuildFile; fileRef = 63B230361622AE4D00551494 /* blueArrow@2x.png */; };
		63B230431622AE4D00551494 /* grayArrow.png in Resources */ = {isa = PBXBuildFile; fileRef = 63B230371622AE4D00551494 /* grayArrow.png */; };
		63B230441622AE4D00551494 /* grayArrow@2x.png in Resources */ = {isa = PBXBuildFile; fileRef = 63B230381622AE4D00551494 /* grayArrow@2x.png */; };
		63B230451622AE4D00551494 /* whiteArrow.png in Resources */ = {isa = PBXBuildFile; fileRef = 63B230391622AE4D00551494 /* whiteArrow.png */; };
		63B230461622AE4D00551494 /* whiteArrow@2x.png in Resources */ = {isa = PBXBuildFile; fileRef = 63B2303A1622AE4D00551494 /* whiteArrow@2x.png */; };
		63B230481622AEC600551494 /* Default-568h@2x.png in Resources */ = {isa = PBXBuildFile; fileRef = 63B230471622AEC600551494 /* Default-568h@2x.png */; };
		BA1629F6161472DF00CFC84D /* JSONKit.m in Sources */ = {isa = PBXBuildFile; fileRef = BA1629F5161472DF00CFC84D /* JSONKit.m */; };
		BA1629FB1614735300CFC84D /* loginViewController.m in Sources */ = {isa = PBXBuildFile; fileRef = BA1629F91614735300CFC84D /* loginViewController.m */; };
		BA1629FC1614735300CFC84D /* loginViewController.xib in Resources */ = {isa = PBXBuildFile; fileRef = BA1629FA1614735300CFC84D /* loginViewController.xib */; };
		BA16B1AD161744C300F8D733 /* InstaPost.m in Sources */ = {isa = PBXBuildFile; fileRef = BA16B1AC161744C300F8D733 /* InstaPost.m */; };
		BA185530161AF3990099AD24 /* QuartzCore.framework in Frameworks */ = {isa = PBXBuildFile; fileRef = BA18552F161AF3990099AD24 /* QuartzCore.framework */; };
		BA96081216134BC700C6751B /* UIKit.framework in Frameworks */ = {isa = PBXBuildFile; fileRef = BA96081116134BC700C6751B /* UIKit.framework */; };
		BA96081416134BC700C6751B /* Foundation.framework in Frameworks */ = {isa = PBXBuildFile; fileRef = BA96081316134BC700C6751B /* Foundation.framework */; };
		BA96081616134BC700C6751B /* CoreGraphics.framework in Frameworks */ = {isa = PBXBuildFile; fileRef = BA96081516134BC700C6751B /* CoreGraphics.framework */; };
		BA96081C16134BC700C6751B /* InfoPlist.strings in Resources */ = {isa = PBXBuildFile; fileRef = BA96081A16134BC700C6751B /* InfoPlist.strings */; };
		BA96081E16134BC800C6751B /* main.m in Sources */ = {isa = PBXBuildFile; fileRef = BA96081D16134BC700C6751B /* main.m */; };
		BA96082216134BC800C6751B /* AppDelegate.m in Sources */ = {isa = PBXBuildFile; fileRef = BA96082116134BC800C6751B /* AppDelegate.m */; };
		BA96082516134BC800C6751B /* ViewController.m in Sources */ = {isa = PBXBuildFile; fileRef = BA96082416134BC800C6751B /* ViewController.m */; };
		BA96082816134BC800C6751B /* ViewController.xib in Resources */ = {isa = PBXBuildFile; fileRef = BA96082616134BC800C6751B /* ViewController.xib */; };
		BA960831161356FE00C6751B /* detailViewController.m in Sources */ = {isa = PBXBuildFile; fileRef = BA96082F161356FE00C6751B /* detailViewController.m */; };
		BA960832161356FE00C6751B /* detailViewController.xib in Resources */ = {isa = PBXBuildFile; fileRef = BA960830161356FE00C6751B /* detailViewController.xib */; };
		BA96084716135AB800C6751B /* AFHTTPClient.m in Sources */ = {isa = PBXBuildFile; fileRef = BA96083516135AB700C6751B /* AFHTTPClient.m */; settings = {COMPILER_FLAGS = "-fobjc-arc"; }; };
		BA96084816135AB800C6751B /* AFHTTPRequestOperation.m in Sources */ = {isa = PBXBuildFile; fileRef = BA96083716135AB700C6751B /* AFHTTPRequestOperation.m */; settings = {COMPILER_FLAGS = "-fobjc-arc"; }; };
		BA96084916135AB800C6751B /* AFImageRequestOperation.m in Sources */ = {isa = PBXBuildFile; fileRef = BA96083916135AB700C6751B /* AFImageRequestOperation.m */; settings = {COMPILER_FLAGS = "-fobjc-arc"; }; };
		BA96084A16135AB800C6751B /* AFJSONRequestOperation.m in Sources */ = {isa = PBXBuildFile; fileRef = BA96083B16135AB700C6751B /* AFJSONRequestOperation.m */; settings = {COMPILER_FLAGS = "-fobjc-arc"; }; };
		BA96084B16135AB800C6751B /* AFNetworkActivityIndicatorManager.m in Sources */ = {isa = PBXBuildFile; fileRef = BA96083D16135AB700C6751B /* AFNetworkActivityIndicatorManager.m */; settings = {COMPILER_FLAGS = "-fobjc-arc"; }; };
		BA96084C16135AB800C6751B /* AFPropertyListRequestOperation.m in Sources */ = {isa = PBXBuildFile; fileRef = BA96084016135AB700C6751B /* AFPropertyListRequestOperation.m */; settings = {COMPILER_FLAGS = "-fobjc-arc"; }; };
		BA96084D16135AB800C6751B /* AFURLConnectionOperation.m in Sources */ = {isa = PBXBuildFile; fileRef = BA96084216135AB700C6751B /* AFURLConnectionOperation.m */; settings = {COMPILER_FLAGS = "-fobjc-arc"; }; };
		BA96084E16135AB800C6751B /* AFXMLRequestOperation.m in Sources */ = {isa = PBXBuildFile; fileRef = BA96084416135AB700C6751B /* AFXMLRequestOperation.m */; settings = {COMPILER_FLAGS = "-fobjc-arc"; }; };
		BA96084F16135AB800C6751B /* UIImageView+AFNetworking.m in Sources */ = {isa = PBXBuildFile; fileRef = BA96084616135AB700C6751B /* UIImageView+AFNetworking.m */; settings = {COMPILER_FLAGS = "-fobjc-arc"; }; };
		BA98EFFC161D72F200B7B815 /* CoreData.framework in Frameworks */ = {isa = PBXBuildFile; fileRef = BA98EFFB161D72F200B7B815 /* CoreData.framework */; };
		BA98F000161D73FA00B7B815 /* AppData.xcdatamodeld in Sources */ = {isa = PBXBuildFile; fileRef = BA98EFFE161D73FA00B7B815 /* AppData.xcdatamodeld */; };
		BA98F003161D750700B7B815 /* TokenEntity.m in Sources */ = {isa = PBXBuildFile; fileRef = BA98F002161D750700B7B815 /* TokenEntity.m */; };
/* End PBXBuildFile section */

/* Begin PBXFileReference section */
		63B2302A1622AE4D00551494 /* EGORefreshTableHeaderView.h */ = {isa = PBXFileReference; fileEncoding = 4; lastKnownFileType = sourcecode.c.h; path = EGORefreshTableHeaderView.h; sourceTree = "<group>"; };
		63B2302B1622AE4D00551494 /* EGORefreshTableHeaderView.m */ = {isa = PBXFileReference; fileEncoding = 4; lastKnownFileType = sourcecode.c.objc; path = EGORefreshTableHeaderView.m; sourceTree = "<group>"; };
		63B2302C1622AE4D00551494 /* LoadMoreTableFooterView.h */ = {isa = PBXFileReference; fileEncoding = 4; lastKnownFileType = sourcecode.c.h; path = LoadMoreTableFooterView.h; sourceTree = "<group>"; };
		63B2302D1622AE4D00551494 /* LoadMoreTableFooterView.m */ = {isa = PBXFileReference; fileEncoding = 4; lastKnownFileType = sourcecode.c.objc; path = LoadMoreTableFooterView.m; sourceTree = "<group>"; };
		63B2302E1622AE4D00551494 /* MessageInterceptor.h */ = {isa = PBXFileReference; fileEncoding = 4; lastKnownFileType = sourcecode.c.h; path = MessageInterceptor.h; sourceTree = "<group>"; };
		63B2302F1622AE4D00551494 /* MessageInterceptor.m */ = {isa = PBXFileReference; fileEncoding = 4; lastKnownFileType = sourcecode.c.objc; path = MessageInterceptor.m; sourceTree = "<group>"; };
		63B230301622AE4D00551494 /* PullTableView.h */ = {isa = PBXFileReference; fileEncoding = 4; lastKnownFileType = sourcecode.c.h; path = PullTableView.h; sourceTree = "<group>"; };
		63B230311622AE4D00551494 /* PullTableView.m */ = {isa = PBXFileReference; fileEncoding = 4; lastKnownFileType = sourcecode.c.objc; path = PullTableView.m; sourceTree = "<group>"; };
		63B230331622AE4D00551494 /* blackArrow.png */ = {isa = PBXFileReference; lastKnownFileType = image.png; path = blackArrow.png; sourceTree = "<group>"; };
		63B230341622AE4D00551494 /* blackArrow@2x.png */ = {isa = PBXFileReference; lastKnownFileType = image.png; path = "blackArrow@2x.png"; sourceTree = "<group>"; };
		63B230351622AE4D00551494 /* blueArrow.png */ = {isa = PBXFileReference; lastKnownFileType = image.png; path = blueArrow.png; sourceTree = "<group>"; };
		63B230361622AE4D00551494 /* blueArrow@2x.png */ = {isa = PBXFileReference; lastKnownFileType = image.png; path = "blueArrow@2x.png"; sourceTree = "<group>"; };
		63B230371622AE4D00551494 /* grayArrow.png */ = {isa = PBXFileReference; lastKnownFileType = image.png; path = grayArrow.png; sourceTree = "<group>"; };
		63B230381622AE4D00551494 /* grayArrow@2x.png */ = {isa = PBXFileReference; lastKnownFileType = image.png; path = "grayArrow@2x.png"; sourceTree = "<group>"; };
		63B230391622AE4D00551494 /* whiteArrow.png */ = {isa = PBXFileReference; lastKnownFileType = image.png; path = whiteArrow.png; sourceTree = "<group>"; };
		63B2303A1622AE4D00551494 /* whiteArrow@2x.png */ = {isa = PBXFileReference; lastKnownFileType = image.png; path = "whiteArrow@2x.png"; sourceTree = "<group>"; };
		63B230471622AEC600551494 /* Default-568h@2x.png */ = {isa = PBXFileReference; lastKnownFileType = image.png; path = "Default-568h@2x.png"; sourceTree = "<group>"; };
		BA1629F4161472DF00CFC84D /* JSONKit.h */ = {isa = PBXFileReference; fileEncoding = 4; lastKnownFileType = sourcecode.c.h; path = JSONKit.h; sourceTree = "<group>"; };
		BA1629F5161472DF00CFC84D /* JSONKit.m */ = {isa = PBXFileReference; fileEncoding = 4; lastKnownFileType = sourcecode.c.objc; path = JSONKit.m; sourceTree = "<group>"; };
		BA1629F81614735300CFC84D /* loginViewController.h */ = {isa = PBXFileReference; fileEncoding = 4; lastKnownFileType = sourcecode.c.h; path = loginViewController.h; sourceTree = "<group>"; };
		BA1629F91614735300CFC84D /* loginViewController.m */ = {isa = PBXFileReference; fileEncoding = 4; lastKnownFileType = sourcecode.c.objc; path = loginViewController.m; sourceTree = "<group>"; };
		BA1629FA1614735300CFC84D /* loginViewController.xib */ = {isa = PBXFileReference; fileEncoding = 4; lastKnownFileType = file.xib; path = loginViewController.xib; sourceTree = "<group>"; };
		BA16B1AB161744C300F8D733 /* InstaPost.h */ = {isa = PBXFileReference; fileEncoding = 4; lastKnownFileType = sourcecode.c.h; path = InstaPost.h; sourceTree = "<group>"; };
		BA16B1AC161744C300F8D733 /* InstaPost.m */ = {isa = PBXFileReference; fileEncoding = 4; lastKnownFileType = sourcecode.c.objc; path = InstaPost.m; sourceTree = "<group>"; };
		BA18552F161AF3990099AD24 /* QuartzCore.framework */ = {isa = PBXFileReference; lastKnownFileType = wrapper.framework; name = QuartzCore.framework; path = System/Library/Frameworks/QuartzCore.framework; sourceTree = SDKROOT; };
		BA96080D16134BC700C6751B /* instagramAppTest.app */ = {isa = PBXFileReference; explicitFileType = wrapper.application; includeInIndex = 0; path = instagramAppTest.app; sourceTree = BUILT_PRODUCTS_DIR; };
		BA96081116134BC700C6751B /* UIKit.framework */ = {isa = PBXFileReference; lastKnownFileType = wrapper.framework; name = UIKit.framework; path = System/Library/Frameworks/UIKit.framework; sourceTree = SDKROOT; };
		BA96081316134BC700C6751B /* Foundation.framework */ = {isa = PBXFileReference; lastKnownFileType = wrapper.framework; name = Foundation.framework; path = System/Library/Frameworks/Foundation.framework; sourceTree = SDKROOT; };
		BA96081516134BC700C6751B /* CoreGraphics.framework */ = {isa = PBXFileReference; lastKnownFileType = wrapper.framework; name = CoreGraphics.framework; path = System/Library/Frameworks/CoreGraphics.framework; sourceTree = SDKROOT; };
		BA96081916134BC700C6751B /* instagramAppTest-Info.plist */ = {isa = PBXFileReference; lastKnownFileType = text.plist.xml; path = "instagramAppTest-Info.plist"; sourceTree = "<group>"; };
		BA96081B16134BC700C6751B /* en */ = {isa = PBXFileReference; lastKnownFileType = text.plist.strings; name = en; path = en.lproj/InfoPlist.strings; sourceTree = "<group>"; };
		BA96081D16134BC700C6751B /* main.m */ = {isa = PBXFileReference; lastKnownFileType = sourcecode.c.objc; path = main.m; sourceTree = "<group>"; };
		BA96081F16134BC800C6751B /* instagramAppTest-Prefix.pch */ = {isa = PBXFileReference; lastKnownFileType = sourcecode.c.h; path = "instagramAppTest-Prefix.pch"; sourceTree = "<group>"; };
		BA96082016134BC800C6751B /* AppDelegate.h */ = {isa = PBXFileReference; lastKnownFileType = sourcecode.c.h; path = AppDelegate.h; sourceTree = "<group>"; };
		BA96082116134BC800C6751B /* AppDelegate.m */ = {isa = PBXFileReference; lastKnownFileType = sourcecode.c.objc; path = AppDelegate.m; sourceTree = "<group>"; };
		BA96082316134BC800C6751B /* ViewController.h */ = {isa = PBXFileReference; lastKnownFileType = sourcecode.c.h; path = ViewController.h; sourceTree = "<group>"; };
		BA96082416134BC800C6751B /* ViewController.m */ = {isa = PBXFileReference; lastKnownFileType = sourcecode.c.objc; path = ViewController.m; sourceTree = "<group>"; };
		BA96082716134BC800C6751B /* en */ = {isa = PBXFileReference; lastKnownFileType = file.xib; name = en; path = en.lproj/ViewController.xib; sourceTree = "<group>"; };
		BA96082E161356FE00C6751B /* detailViewController.h */ = {isa = PBXFileReference; fileEncoding = 4; lastKnownFileType = sourcecode.c.h; path = detailViewController.h; sourceTree = "<group>"; };
		BA96082F161356FE00C6751B /* detailViewController.m */ = {isa = PBXFileReference; fileEncoding = 4; lastKnownFileType = sourcecode.c.objc; path = detailViewController.m; sourceTree = "<group>"; };
		BA960830161356FE00C6751B /* detailViewController.xib */ = {isa = PBXFileReference; fileEncoding = 4; lastKnownFileType = file.xib; path = detailViewController.xib; sourceTree = "<group>"; };
		BA96083416135AB700C6751B /* AFHTTPClient.h */ = {isa = PBXFileReference; fileEncoding = 4; lastKnownFileType = sourcecode.c.h; path = AFHTTPClient.h; sourceTree = "<group>"; };
		BA96083516135AB700C6751B /* AFHTTPClient.m */ = {isa = PBXFileReference; fileEncoding = 4; lastKnownFileType = sourcecode.c.objc; path = AFHTTPClient.m; sourceTree = "<group>"; };
		BA96083616135AB700C6751B /* AFHTTPRequestOperation.h */ = {isa = PBXFileReference; fileEncoding = 4; lastKnownFileType = sourcecode.c.h; path = AFHTTPRequestOperation.h; sourceTree = "<group>"; };
		BA96083716135AB700C6751B /* AFHTTPRequestOperation.m */ = {isa = PBXFileReference; fileEncoding = 4; lastKnownFileType = sourcecode.c.objc; path = AFHTTPRequestOperation.m; sourceTree = "<group>"; };
		BA96083816135AB700C6751B /* AFImageRequestOperation.h */ = {isa = PBXFileReference; fileEncoding = 4; lastKnownFileType = sourcecode.c.h; path = AFImageRequestOperation.h; sourceTree = "<group>"; };
		BA96083916135AB700C6751B /* AFImageRequestOperation.m */ = {isa = PBXFileReference; fileEncoding = 4; lastKnownFileType = sourcecode.c.objc; path = AFImageRequestOperation.m; sourceTree = "<group>"; };
		BA96083A16135AB700C6751B /* AFJSONRequestOperation.h */ = {isa = PBXFileReference; fileEncoding = 4; lastKnownFileType = sourcecode.c.h; path = AFJSONRequestOperation.h; sourceTree = "<group>"; };
		BA96083B16135AB700C6751B /* AFJSONRequestOperation.m */ = {isa = PBXFileReference; fileEncoding = 4; lastKnownFileType = sourcecode.c.objc; path = AFJSONRequestOperation.m; sourceTree = "<group>"; };
		BA96083C16135AB700C6751B /* AFNetworkActivityIndicatorManager.h */ = {isa = PBXFileReference; fileEncoding = 4; lastKnownFileType = sourcecode.c.h; path = AFNetworkActivityIndicatorManager.h; sourceTree = "<group>"; };
		BA96083D16135AB700C6751B /* AFNetworkActivityIndicatorManager.m */ = {isa = PBXFileReference; fileEncoding = 4; lastKnownFileType = sourcecode.c.objc; path = AFNetworkActivityIndicatorManager.m; sourceTree = "<group>"; };
		BA96083E16135AB700C6751B /* AFNetworking.h */ = {isa = PBXFileReference; fileEncoding = 4; lastKnownFileType = sourcecode.c.h; path = AFNetworking.h; sourceTree = "<group>"; };
		BA96083F16135AB700C6751B /* AFPropertyListRequestOperation.h */ = {isa = PBXFileReference; fileEncoding = 4; lastKnownFileType = sourcecode.c.h; path = AFPropertyListRequestOperation.h; sourceTree = "<group>"; };
		BA96084016135AB700C6751B /* AFPropertyListRequestOperation.m */ = {isa = PBXFileReference; fileEncoding = 4; lastKnownFileType = sourcecode.c.objc; path = AFPropertyListRequestOperation.m; sourceTree = "<group>"; };
		BA96084116135AB700C6751B /* AFURLConnectionOperation.h */ = {isa = PBXFileReference; fileEncoding = 4; lastKnownFileType = sourcecode.c.h; path = AFURLConnectionOperation.h; sourceTree = "<group>"; };
		BA96084216135AB700C6751B /* AFURLConnectionOperation.m */ = {isa = PBXFileReference; fileEncoding = 4; lastKnownFileType = sourcecode.c.objc; path = AFURLConnectionOperation.m; sourceTree = "<group>"; };
		BA96084316135AB700C6751B /* AFXMLRequestOperation.h */ = {isa = PBXFileReference; fileEncoding = 4; lastKnownFileType = sourcecode.c.h; path = AFXMLRequestOperation.h; sourceTree = "<group>"; };
		BA96084416135AB700C6751B /* AFXMLRequestOperation.m */ = {isa = PBXFileReference; fileEncoding = 4; lastKnownFileType = sourcecode.c.objc; path = AFXMLRequestOperation.m; sourceTree = "<group>"; };
		BA96084516135AB700C6751B /* UIImageView+AFNetworking.h */ = {isa = PBXFileReference; fileEncoding = 4; lastKnownFileType = sourcecode.c.h; path = "UIImageView+AFNetworking.h"; sourceTree = "<group>"; };
		BA96084616135AB700C6751B /* UIImageView+AFNetworking.m */ = {isa = PBXFileReference; fileEncoding = 4; lastKnownFileType = sourcecode.c.objc; path = "UIImageView+AFNetworking.m"; sourceTree = "<group>"; };
		BA98EFFB161D72F200B7B815 /* CoreData.framework */ = {isa = PBXFileReference; lastKnownFileType = wrapper.framework; name = CoreData.framework; path = System/Library/Frameworks/CoreData.framework; sourceTree = SDKROOT; };
		BA98EFFF161D73FA00B7B815 /* AppData.xcdatamodel */ = {isa = PBXFileReference; lastKnownFileType = wrapper.xcdatamodel; path = AppData.xcdatamodel; sourceTree = "<group>"; };
		BA98F001161D750700B7B815 /* TokenEntity.h */ = {isa = PBXFileReference; fileEncoding = 4; lastKnownFileType = sourcecode.c.h; path = TokenEntity.h; sourceTree = "<group>"; };
		BA98F002161D750700B7B815 /* TokenEntity.m */ = {isa = PBXFileReference; fileEncoding = 4; lastKnownFileType = sourcecode.c.objc; path = TokenEntity.m; sourceTree = "<group>"; };
/* End PBXFileReference section */

/* Begin PBXFrameworksBuildPhase section */
		BA96080A16134BC700C6751B /* Frameworks */ = {
			isa = PBXFrameworksBuildPhase;
			buildActionMask = 2147483647;
			files = (
				BA98EFFC161D72F200B7B815 /* CoreData.framework in Frameworks */,
				BA185530161AF3990099AD24 /* QuartzCore.framework in Frameworks */,
				BA96081216134BC700C6751B /* UIKit.framework in Frameworks */,
				BA96081416134BC700C6751B /* Foundation.framework in Frameworks */,
				BA96081616134BC700C6751B /* CoreGraphics.framework in Frameworks */,
			);
			runOnlyForDeploymentPostprocessing = 0;
		};
/* End PBXFrameworksBuildPhase section */

/* Begin PBXGroup section */
		63B230281622AE4D00551494 /* EGOTableViewPullRefresh */ = {
			isa = PBXGroup;
			children = (
				63B230291622AE4D00551494 /* Classes */,
				63B230321622AE4D00551494 /* Resources */,
			);
			path = EGOTableViewPullRefresh;
			sourceTree = "<group>";
		};
		63B230291622AE4D00551494 /* Classes */ = {
			isa = PBXGroup;
			children = (
				63B2302A1622AE4D00551494 /* EGORefreshTableHeaderView.h */,
				63B2302B1622AE4D00551494 /* EGORefreshTableHeaderView.m */,
				63B2302C1622AE4D00551494 /* LoadMoreTableFooterView.h */,
				63B2302D1622AE4D00551494 /* LoadMoreTableFooterView.m */,
				63B2302E1622AE4D00551494 /* MessageInterceptor.h */,
				63B2302F1622AE4D00551494 /* MessageInterceptor.m */,
				63B230301622AE4D00551494 /* PullTableView.h */,
				63B230311622AE4D00551494 /* PullTableView.m */,
			);
			path = Classes;
			sourceTree = "<group>";
		};
		63B230321622AE4D00551494 /* Resources */ = {
			isa = PBXGroup;
			children = (
				63B230331622AE4D00551494 /* blackArrow.png */,
				63B230341622AE4D00551494 /* blackArrow@2x.png */,
				63B230351622AE4D00551494 /* blueArrow.png */,
				63B230361622AE4D00551494 /* blueArrow@2x.png */,
				63B230371622AE4D00551494 /* grayArrow.png */,
				63B230381622AE4D00551494 /* grayArrow@2x.png */,
				63B230391622AE4D00551494 /* whiteArrow.png */,
				63B2303A1622AE4D00551494 /* whiteArrow@2x.png */,
			);
			path = Resources;
			sourceTree = "<group>";
		};
		BA1629F3161472DF00CFC84D /* JSONkit */ = {
			isa = PBXGroup;
			children = (
				BA1629F4161472DF00CFC84D /* JSONKit.h */,
				BA1629F5161472DF00CFC84D /* JSONKit.m */,
			);
			path = JSONkit;
			sourceTree = "<group>";
		};
		BA96080216134BC700C6751B = {
			isa = PBXGroup;
			children = (
				BA96081716134BC700C6751B /* instagramAppTest */,
				BA96081016134BC700C6751B /* Frameworks */,
				BA96080E16134BC700C6751B /* Products */,
			);
			sourceTree = "<group>";
		};
		BA96080E16134BC700C6751B /* Products */ = {
			isa = PBXGroup;
			children = (
				BA96080D16134BC700C6751B /* instagramAppTest.app */,
			);
			name = Products;
			sourceTree = "<group>";
		};
		BA96081016134BC700C6751B /* Frameworks */ = {
			isa = PBXGroup;
			children = (
				BA98EFFB161D72F200B7B815 /* CoreData.framework */,
				BA18552F161AF3990099AD24 /* QuartzCore.framework */,
				BA96081116134BC700C6751B /* UIKit.framework */,
				BA96081316134BC700C6751B /* Foundation.framework */,
				BA96081516134BC700C6751B /* CoreGraphics.framework */,
			);
			name = Frameworks;
			sourceTree = "<group>";
		};
		BA96081716134BC700C6751B /* instagramAppTest */ = {
			isa = PBXGroup;
			children = (
				BA98EFFE161D73FA00B7B815 /* AppData.xcdatamodeld */,
				BA98F001161D750700B7B815 /* TokenEntity.h */,
				BA98F002161D750700B7B815 /* TokenEntity.m */,
				BA96082016134BC800C6751B /* AppDelegate.h */,
				BA96082116134BC800C6751B /* AppDelegate.m */,
				BA1629F81614735300CFC84D /* loginViewController.h */,
				BA1629F91614735300CFC84D /* loginViewController.m */,
				BA1629FA1614735300CFC84D /* loginViewController.xib */,
				BA96082316134BC800C6751B /* ViewController.h */,
				BA96082416134BC800C6751B /* ViewController.m */,
				BA96082616134BC800C6751B /* ViewController.xib */,
				BA16B1AB161744C300F8D733 /* InstaPost.h */,
				BA16B1AC161744C300F8D733 /* InstaPost.m */,
				BA96082E161356FE00C6751B /* detailViewController.h */,
				BA96082F161356FE00C6751B /* detailViewController.m */,
				BA960830161356FE00C6751B /* detailViewController.xib */,
				63B230281622AE4D00551494 /* EGOTableViewPullRefresh */,
				BA1629F3161472DF00CFC84D /* JSONkit */,
				BA96083316135AB700C6751B /* AFNetworking */,
				BA96081816134BC700C6751B /* Supporting Files */,
			);
			path = instagramAppTest;
			sourceTree = "<group>";
		};
		BA96081816134BC700C6751B /* Supporting Files */ = {
			isa = PBXGroup;
			children = (
				63B230471622AEC600551494 /* Default-568h@2x.png */,
				BA96081916134BC700C6751B /* instagramAppTest-Info.plist */,
				BA96081A16134BC700C6751B /* InfoPlist.strings */,
				BA96081D16134BC700C6751B /* main.m */,
				BA96081F16134BC800C6751B /* instagramAppTest-Prefix.pch */,
			);
			name = "Supporting Files";
			sourceTree = "<group>";
		};
		BA96083316135AB700C6751B /* AFNetworking */ = {
			isa = PBXGroup;
			children = (
				BA96083416135AB700C6751B /* AFHTTPClient.h */,
				BA96083516135AB700C6751B /* AFHTTPClient.m */,
				BA96083616135AB700C6751B /* AFHTTPRequestOperation.h */,
				BA96083716135AB700C6751B /* AFHTTPRequestOperation.m */,
				BA96083816135AB700C6751B /* AFImageRequestOperation.h */,
				BA96083916135AB700C6751B /* AFImageRequestOperation.m */,
				BA96083A16135AB700C6751B /* AFJSONRequestOperation.h */,
				BA96083B16135AB700C6751B /* AFJSONRequestOperation.m */,
				BA96083C16135AB700C6751B /* AFNetworkActivityIndicatorManager.h */,
				BA96083D16135AB700C6751B /* AFNetworkActivityIndicatorManager.m */,
				BA96083E16135AB700C6751B /* AFNetworking.h */,
				BA96083F16135AB700C6751B /* AFPropertyListRequestOperation.h */,
				BA96084016135AB700C6751B /* AFPropertyListRequestOperation.m */,
				BA96084116135AB700C6751B /* AFURLConnectionOperation.h */,
				BA96084216135AB700C6751B /* AFURLConnectionOperation.m */,
				BA96084316135AB700C6751B /* AFXMLRequestOperation.h */,
				BA96084416135AB700C6751B /* AFXMLRequestOperation.m */,
				BA96084516135AB700C6751B /* UIImageView+AFNetworking.h */,
				BA96084616135AB700C6751B /* UIImageView+AFNetworking.m */,
			);
			path = AFNetworking;
			sourceTree = "<group>";
		};
/* End PBXGroup section */

/* Begin PBXNativeTarget section */
		BA96080C16134BC700C6751B /* instagramAppTest */ = {
			isa = PBXNativeTarget;
			buildConfigurationList = BA96082B16134BC800C6751B /* Build configuration list for PBXNativeTarget "instagramAppTest" */;
			buildPhases = (
				BA96080916134BC700C6751B /* Sources */,
				BA96080A16134BC700C6751B /* Frameworks */,
				BA96080B16134BC700C6751B /* Resources */,
			);
			buildRules = (
			);
			dependencies = (
			);
			name = instagramAppTest;
			productName = instagramAppTest;
			productReference = BA96080D16134BC700C6751B /* instagramAppTest.app */;
			productType = "com.apple.product-type.application";
		};
/* End PBXNativeTarget section */

/* Begin PBXProject section */
		BA96080416134BC700C6751B /* Project object */ = {
			isa = PBXProject;
			attributes = {
				LastUpgradeCheck = 0430;
				ORGANIZATIONNAME = "info@vvww.ru";
			};
			buildConfigurationList = BA96080716134BC700C6751B /* Build configuration list for PBXProject "instagramAppTest" */;
			compatibilityVersion = "Xcode 3.2";
			developmentRegion = English;
			hasScannedForEncodings = 0;
			knownRegions = (
				en,
			);
			mainGroup = BA96080216134BC700C6751B;
			productRefGroup = BA96080E16134BC700C6751B /* Products */;
			projectDirPath = "";
			projectRoot = "";
			targets = (
				BA96080C16134BC700C6751B /* instagramAppTest */,
			);
		};
/* End PBXProject section */

/* Begin PBXResourcesBuildPhase section */
		BA96080B16134BC700C6751B /* Resources */ = {
			isa = PBXResourcesBuildPhase;
			buildActionMask = 2147483647;
			files = (
				BA96081C16134BC700C6751B /* InfoPlist.strings in Resources */,
				BA96082816134BC800C6751B /* ViewController.xib in Resources */,
				BA960832161356FE00C6751B /* detailViewController.xib in Resources */,
				BA1629FC1614735300CFC84D /* loginViewController.xib in Resources */,
				63B2303F1622AE4D00551494 /* blackArrow.png in Resources */,
				63B230401622AE4D00551494 /* blackArrow@2x.png in Resources */,
				63B230411622AE4D00551494 /* blueArrow.png in Resources */,
				63B230421622AE4D00551494 /* blueArrow@2x.png in Resources */,
				63B230431622AE4D00551494 /* grayArrow.png in Resources */,
				63B230441622AE4D00551494 /* grayArrow@2x.png in Resources */,
				63B230451622AE4D00551494 /* whiteArrow.png in Resources */,
				63B230461622AE4D00551494 /* whiteArrow@2x.png in Resources */,
				63B230481622AEC600551494 /* Default-568h@2x.png in Resources */,
			);
			runOnlyForDeploymentPostprocessing = 0;
		};
/* End PBXResourcesBuildPhase section */

/* Begin PBXSourcesBuildPhase section */
		BA96080916134BC700C6751B /* Sources */ = {
			isa = PBXSourcesBuildPhase;
			buildActionMask = 2147483647;
			files = (
				BA96081E16134BC800C6751B /* main.m in Sources */,
				BA96082216134BC800C6751B /* AppDelegate.m in Sources */,
				BA96082516134BC800C6751B /* ViewController.m in Sources */,
				BA960831161356FE00C6751B /* detailViewController.m in Sources */,
				BA96084716135AB800C6751B /* AFHTTPClient.m in Sources */,
				BA96084816135AB800C6751B /* AFHTTPRequestOperation.m in Sources */,
				BA96084916135AB800C6751B /* AFImageRequestOperation.m in Sources */,
				BA96084A16135AB800C6751B /* AFJSONRequestOperation.m in Sources */,
				BA96084B16135AB800C6751B /* AFNetworkActivityIndicatorManager.m in Sources */,
				BA96084C16135AB800C6751B /* AFPropertyListRequestOperation.m in Sources */,
				BA96084D16135AB800C6751B /* AFURLConnectionOperation.m in Sources */,
				BA96084E16135AB800C6751B /* AFXMLRequestOperation.m in Sources */,
				BA96084F16135AB800C6751B /* UIImageView+AFNetworking.m in Sources */,
				BA1629F6161472DF00CFC84D /* JSONKit.m in Sources */,
				BA1629FB1614735300CFC84D /* loginViewController.m in Sources */,
				BA16B1AD161744C300F8D733 /* InstaPost.m in Sources */,
				BA98F000161D73FA00B7B815 /* AppData.xcdatamodeld in Sources */,
				BA98F003161D750700B7B815 /* TokenEntity.m in Sources */,
				63B2303B1622AE4D00551494 /* EGORefreshTableHeaderView.m in Sources */,
				63B2303C1622AE4D00551494 /* LoadMoreTableFooterView.m in Sources */,
				63B2303D1622AE4D00551494 /* MessageInterceptor.m in Sources */,
				63B2303E1622AE4D00551494 /* PullTableView.m in Sources */,
			);
			runOnlyForDeploymentPostprocessing = 0;
		};
/* End PBXSourcesBuildPhase section */

/* Begin PBXVariantGroup section */
		BA96081A16134BC700C6751B /* InfoPlist.strings */ = {
			isa = PBXVariantGroup;
			children = (
				BA96081B16134BC700C6751B /* en */,
			);
			name = InfoPlist.strings;
			sourceTree = "<group>";
		};
		BA96082616134BC800C6751B /* ViewController.xib */ = {
			isa = PBXVariantGroup;
			children = (
				BA96082716134BC800C6751B /* en */,
			);
			name = ViewController.xib;
			sourceTree = "<group>";
		};
/* End PBXVariantGroup section */

/* Begin XCBuildConfiguration section */
		BA96082916134BC800C6751B /* Debug */ = {
			isa = XCBuildConfiguration;
			buildSettings = {
				ALWAYS_SEARCH_USER_PATHS = NO;
				ARCHS = "$(ARCHS_STANDARD_32_BIT)";
				"CODE_SIGN_IDENTITY[sdk=iphoneos*]" = "iPhone Developer";
				COPY_PHASE_STRIP = NO;
				GCC_C_LANGUAGE_STANDARD = gnu99;
				GCC_DYNAMIC_NO_PIC = NO;
				GCC_OPTIMIZATION_LEVEL = 0;
				GCC_PREPROCESSOR_DEFINITIONS = (
					"DEBUG=1",
					"$(inherited)",
				);
				GCC_SYMBOLS_PRIVATE_EXTERN = NO;
				GCC_VERSION = com.apple.compilers.llvm.clang.1_0;
				GCC_WARN_ABOUT_RETURN_TYPE = YES;
				GCC_WARN_UNINITIALIZED_AUTOS = YES;
				GCC_WARN_UNUSED_VARIABLE = YES;
				IPHONEOS_DEPLOYMENT_TARGET = 5.1;
				SDKROOT = iphoneos;
			};
			name = Debug;
		};
		BA96082A16134BC800C6751B /* Release */ = {
			isa = XCBuildConfiguration;
			buildSettings = {
				ALWAYS_SEARCH_USER_PATHS = NO;
				ARCHS = "$(ARCHS_STANDARD_32_BIT)";
				"CODE_SIGN_IDENTITY[sdk=iphoneos*]" = "iPhone Developer";
				COPY_PHASE_STRIP = YES;
				GCC_C_LANGUAGE_STANDARD = gnu99;
				GCC_VERSION = com.apple.compilers.llvm.clang.1_0;
				GCC_WARN_ABOUT_RETURN_TYPE = YES;
				GCC_WARN_UNINITIALIZED_AUTOS = YES;
				GCC_WARN_UNUSED_VARIABLE = YES;
				IPHONEOS_DEPLOYMENT_TARGET = 5.1;
				OTHER_CFLAGS = "-DNS_BLOCK_ASSERTIONS=1";
				SDKROOT = iphoneos;
				VALIDATE_PRODUCT = YES;
			};
			name = Release;
		};
		BA96082C16134BC800C6751B /* Debug */ = {
			isa = XCBuildConfiguration;
			buildSettings = {
				GCC_PRECOMPILE_PREFIX_HEADER = YES;
				GCC_PREFIX_HEADER = "instagramAppTest/instagramAppTest-Prefix.pch";
				INFOPLIST_FILE = "instagramAppTest/instagramAppTest-Info.plist";
				PRODUCT_NAME = "$(TARGET_NAME)";
				WRAPPER_EXTENSION = app;
			};
			name = Debug;
		};
		BA96082D16134BC800C6751B /* Release */ = {
			isa = XCBuildConfiguration;
			buildSettings = {
				GCC_PRECOMPILE_PREFIX_HEADER = YES;
				GCC_PREFIX_HEADER = "instagramAppTest/instagramAppTest-Prefix.pch";
				INFOPLIST_FILE = "instagramAppTest/instagramAppTest-Info.plist";
				PRODUCT_NAME = "$(TARGET_NAME)";
				WRAPPER_EXTENSION = app;
			};
			name = Release;
		};
/* End XCBuildConfiguration section */

/* Begin XCConfigurationList section */
		BA96080716134BC700C6751B /* Build configuration list for PBXProject "instagramAppTest" */ = {
			isa = XCConfigurationList;
			buildConfigurations = (
				BA96082916134BC800C6751B /* Debug */,
				BA96082A16134BC800C6751B /* Release */,
			);
			defaultConfigurationIsVisible = 0;
			defaultConfigurationName = Release;
		};
		BA96082B16134BC800C6751B /* Build configuration list for PBXNativeTarget "instagramAppTest" */ = {
			isa = XCConfigurationList;
			buildConfigurations = (
				BA96082C16134BC800C6751B /* Debug */,
				BA96082D16134BC800C6751B /* Release */,
			);
			defaultConfigurationIsVisible = 0;
			defaultConfigurationName = Release;
		};
/* End XCConfigurationList section */

/* Begin XCVersionGroup section */
		BA98EFFE161D73FA00B7B815 /* AppData.xcdatamodeld */ = {
			isa = XCVersionGroup;
			children = (
				BA98EFFF161D73FA00B7B815 /* AppData.xcdatamodel */,
			);
			currentVersion = BA98EFFF161D73FA00B7B815 /* AppData.xcdatamodel */;
			path = AppData.xcdatamodeld;
			sourceTree = "<group>";
			versionGroupType = wrapper.xcdatamodel;
		};
/* End XCVersionGroup section */
	};
	rootObject = BA96080416134BC700C6751B /* Project object */;
}
